# THIS IS AN AUTOGENERATED FILE. DO NOT EDIT THIS FILE DIRECTLY.
# yarn lockfile v1


"@lifaon/math@^1.1.0-dev.1679498159411":
  version "1.1.0-dev.1679498159411"
  resolved "http://localhost:4873/@lifaon/math/-/math-1.1.0-dev.1679498159411.tgz#cd914fb18ac8778a87e80691b9a91abea1e1f867"
  integrity sha512-CdOxS9DQUyqEqEphD9LnZ2h8BuClHwNPrN5bLmh9R4wZiWnCHM0uZkKQ+49QdnT0hOu5PrJn2lDKn6X8GR1G8Q==
